
Microsoft Visual Studio Solution File, Format Version 12.00
# Visual Studio 15
VisualStudioVersion = 15.0.27703.2042
MinimumVisualStudioVersion = 10.0.40219.1
Project("{FAE04EC0-301F-11D3-BF4B-00C04F79EFBC}") = "Safe-Heaven", "Safe-Heaven\Safe-Heaven.csproj", "{FA8794FD-D2BB-4A90-9083-E15E389E7668}"
EndProject
Global
	GlobalSection(SolutionConfigurationPlatforms) = preSolution
		Debug|Any CPU = Debug|Any CPU
		Release|Any CPU = Release|Any CPU
	EndGlobalSection
	GlobalSection(ProjectConfigurationPlatforms) = postSolution
		{FA8794FD-D2BB-4A90-9083-E15E389E7668}.Debug|Any CPU.ActiveCfg = Debug|Any CPU
		{FA8794FD-D2BB-4A90-9083-E15E389E7668}.Debug|Any CPU.Build.0 = Debug|Any CPU
		{FA8794FD-D2BB-4A90-9083-E15E389E7668}.Release|Any CPU.ActiveCfg = Release|Any CPU
		{FA8794FD-D2BB-4A90-9083-E15E389E7668}.Release|Any CPU.Build.0 = Release|Any CPU
	EndGlobalSection
	GlobalSection(SolutionProperties) = preSolution
		HideSolutionNode = FALSE
	EndGlobalSection
	GlobalSection(ExtensibilityGlobals) = postSolution
		SolutionGuid = {99F96472-5E82-4ACD-A69F-A4E1D5BDF558}
	EndGlobalSection
EndGlobal
